
Microsoft Visual Studio Solution File, Format Version 11.00
# Visual C++ Express 2010
Project("{8BC9CEB8-8B4A-11D0-8D11-00A0C91BC942}") = "KinectSDKandOF", "KinectSDKandOF\KinectSDKandOF.vcxproj", "{7830A449-2D27-43D9-8922-B8B33B8F19E3}"
EndProject
Project("{8BC9CEB8-8B4A-11D0-8D11-00A0C91BC942}") = "openframeworksLib", "KinectSDKandOF\openframeworks\of_preRelease_v0062_vs2010_FAT\libs\openFrameworksCompiled\project\vs2010\openframeworksLib.vcxproj", "{5837595D-ACA9-485C-8E76-729040CE4B0B}"
EndProject
Global
	GlobalSection(SolutionConfigurationPlatforms) = preSolution
		Debug|Win32 = Debug|Win32
		Release|Win32 = Release|Win32
		test|Win32 = test|Win32
	EndGlobalSection
	GlobalSection(ProjectConfigurationPlatforms) = postSolution
		{7830A449-2D27-43D9-8922-B8B33B8F19E3}.Debug|Win32.ActiveCfg = Debug|Win32
		{7830A449-2D27-43D9-8922-B8B33B8F19E3}.Debug|Win32.Build.0 = Debug|Win32
		{7830A449-2D27-43D9-8922-B8B33B8F19E3}.Release|Win32.ActiveCfg = Release|Win32
		{7830A449-2D27-43D9-8922-B8B33B8F19E3}.Release|Win32.Build.0 = Release|Win32
		{7830A449-2D27-43D9-8922-B8B33B8F19E3}.test|Win32.ActiveCfg = Release|Win32
		{7830A449-2D27-43D9-8922-B8B33B8F19E3}.test|Win32.Build.0 = Release|Win32
		{5837595D-ACA9-485C-8E76-729040CE4B0B}.Debug|Win32.ActiveCfg = Debug|Win32
		{5837595D-ACA9-485C-8E76-729040CE4B0B}.Debug|Win32.Build.0 = Debug|Win32
		{5837595D-ACA9-485C-8E76-729040CE4B0B}.Release|Win32.ActiveCfg = Release|Win32
		{5837595D-ACA9-485C-8E76-729040CE4B0B}.Release|Win32.Build.0 = Release|Win32
		{5837595D-ACA9-485C-8E76-729040CE4B0B}.test|Win32.ActiveCfg = Release|Win32
		{5837595D-ACA9-485C-8E76-729040CE4B0B}.test|Win32.Build.0 = Release|Win32
	EndGlobalSection
	GlobalSection(SolutionProperties) = preSolution
		HideSolutionNode = FALSE
	EndGlobalSection
EndGlobal
